{
    "_meta": {
        "hash": {
            "sha256": "90d7a8915049e4592ac71196bc1b259baa2d8eb55fc6f2a55f4be5c9196921ec"
        },
        "pipfile-spec": 6,
        "requires": {
            "python_version": "3.9"
        },
        "sources": [
            {
                "name": "pypi",
                "url": "https://pypi.org/simple",
                "verify_ssl": true
            }
        ]
    },
    "default": {
        "chromedriver-py": {
            "hashes": [
                "sha256:59fe05c05aa11200f71a44c6b5d1d4e5e5674f4b709333d1c74065e7395539a6",
                "sha256:f65840fd23c1fdb8f1a39511b5fa305ff0ada5cf3cb4d100c7e3d20715dc8bf2"
            ],
            "index": "pypi",
            "version": "==90.0.4430.24"
        },
        "selenium": {
            "hashes": [
                "sha256:2d7131d7bc5a5b99a2d9b04aaf2612c411b03b8ca1b1ee8d3de5845a9be2cb3c",
                "sha256:deaf32b60ad91a4611b98d8002757f29e6f2c2d5fcaf202e1c9ad06d6772300d"
            ],
            "index": "pypi",
            "version": "==3.141.0"
        },
        "urllib3": {
            "hashes": [
                "sha256:753a0374df26658f99d826cfe40394a686d05985786d946fbe4165b5148f5a7c",
                "sha256:a7acd0977125325f516bda9735fa7142b909a8d01e8b2e4c8108d0984e6e0098"
            ],
            "markers": "python_version >= '2.7' and python_version not in '3.0, 3.1, 3.2, 3.3, 3.4' and python_version < '4'",
            "version": "==1.26.5"
        }
    },
    "develop": {}
}
